
Microsoft Visual Studio Solution File, Format Version 12.00
# Visual Studio Version 16
VisualStudioVersion = 16.0.809.0
MinimumVisualStudioVersion = 10.0.40219.1
Project("{FAE04EC0-301F-11D3-BF4B-00C04F79EFBC}") = "Spectrum", "Spectrum.csproj", "{C7A37C34-2142-493D-A1A2-125D17D309A4}"
EndProject
Global
	GlobalSection(SolutionConfigurationPlatforms) = preSolution
		Debug|Any CPU = Debug|Any CPU
		Release|Any CPU = Release|Any CPU
	EndGlobalSection
	GlobalSection(ProjectConfigurationPlatforms) = postSolution
		{C7A37C34-2142-493D-A1A2-125D17D309A4}.Debug|Any CPU.ActiveCfg = Debug|Any CPU
		{C7A37C34-2142-493D-A1A2-125D17D309A4}.Debug|Any CPU.Build.0 = Debug|Any CPU
		{C7A37C34-2142-493D-A1A2-125D17D309A4}.Release|Any CPU.ActiveCfg = Release|Any CPU
		{C7A37C34-2142-493D-A1A2-125D17D309A4}.Release|Any CPU.Build.0 = Release|Any CPU
	EndGlobalSection
	GlobalSection(SolutionProperties) = preSolution
		HideSolutionNode = FALSE
	EndGlobalSection
	GlobalSection(ExtensibilityGlobals) = postSolution
		SolutionGuid = {58D00E48-0BF0-4556-816D-EDB3388B09A9}
	EndGlobalSection
EndGlobal
